// !$*UTF8*$!
{
	archiveVersion = 1;
	classes = {
	};
	objectVersion = 50;
	objects = {

/* Begin PBXBuildFile section */
		340DABCD237321A8009342C9 /* PhysicianLookup.swift in Sources */ = {isa = PBXBuildFile; fileRef = 340DABCC237321A8009342C9 /* PhysicianLookup.swift */; };
		340DABCF237321EE009342C9 /* PhysicianController.swift in Sources */ = {isa = PBXBuildFile; fileRef = 340DABCE237321EE009342C9 /* PhysicianController.swift */; };
		340DABD123736381009342C9 /* PhysicianTableViewController.swift in Sources */ = {isa = PBXBuildFile; fileRef = 340DABD023736381009342C9 /* PhysicianTableViewController.swift */; };
		340DABD323738AE7009342C9 /* PhysicianTableViewCell.swift in Sources */ = {isa = PBXBuildFile; fileRef = 340DABD223738AE7009342C9 /* PhysicianTableViewCell.swift */; };
		342452082366155C007D4DCA /* AppDelegate.swift in Sources */ = {isa = PBXBuildFile; fileRef = 342452072366155C007D4DCA /* AppDelegate.swift */; };
		3424520A2366155C007D4DCA /* SceneDelegate.swift in Sources */ = {isa = PBXBuildFile; fileRef = 342452092366155C007D4DCA /* SceneDelegate.swift */; };
		3424520F2366155C007D4DCA /* Main.storyboard in Resources */ = {isa = PBXBuildFile; fileRef = 3424520D2366155C007D4DCA /* Main.storyboard */; };
		342452112366155D007D4DCA /* Assets.xcassets in Resources */ = {isa = PBXBuildFile; fileRef = 342452102366155D007D4DCA /* Assets.xcassets */; };
		342452142366155D007D4DCA /* LaunchScreen.storyboard in Resources */ = {isa = PBXBuildFile; fileRef = 342452122366155D007D4DCA /* LaunchScreen.storyboard */; };
		3439D89A2377509E0015F814 /* DiagnosisController.swift in Sources */ = {isa = PBXBuildFile; fileRef = 3439D8992377509E0015F814 /* DiagnosisController.swift */; };
		3439D89C237760340015F814 /* DiagnosisTableViewController.swift in Sources */ = {isa = PBXBuildFile; fileRef = 3439D89B237760340015F814 /* DiagnosisTableViewController.swift */; };
		3439D89E237861F90015F814 /* MedicationsController.swift in Sources */ = {isa = PBXBuildFile; fileRef = 3439D89D237861F90015F814 /* MedicationsController.swift */; };
		3439D8A0237865EF0015F814 /* WarningSignsController.swift in Sources */ = {isa = PBXBuildFile; fileRef = 3439D89F237865EF0015F814 /* WarningSignsController.swift */; };
		3439D8A223786C990015F814 /* ActivitiesController.swift in Sources */ = {isa = PBXBuildFile; fileRef = 3439D8A123786C990015F814 /* ActivitiesController.swift */; };
		3439D8A423786CA80015F814 /* PeopleController.swift in Sources */ = {isa = PBXBuildFile; fileRef = 3439D8A323786CA80015F814 /* PeopleController.swift */; };
		3439D8A623786CB30015F814 /* PlacesController.swift in Sources */ = {isa = PBXBuildFile; fileRef = 3439D8A523786CB30015F814 /* PlacesController.swift */; };
		3439D8A82379D1860015F814 /* MedicationsTableViewController.swift in Sources */ = {isa = PBXBuildFile; fileRef = 3439D8A72379D1860015F814 /* MedicationsTableViewController.swift */; };
		3439D8AA2379D97A0015F814 /* WarningSignsTableViewController.swift in Sources */ = {isa = PBXBuildFile; fileRef = 3439D8A92379D97A0015F814 /* WarningSignsTableViewController.swift */; };
		3439D8AC2379D9920015F814 /* ActivitiesTableViewController.swift in Sources */ = {isa = PBXBuildFile; fileRef = 3439D8AB2379D9920015F814 /* ActivitiesTableViewController.swift */; };
		3439D8AE2379D9A60015F814 /* PersonsTableViewController.swift in Sources */ = {isa = PBXBuildFile; fileRef = 3439D8AD2379D9A60015F814 /* PersonsTableViewController.swift */; };
		3439D8B02379D9B60015F814 /* PlacesTableViewController.swift in Sources */ = {isa = PBXBuildFile; fileRef = 3439D8AF2379D9B60015F814 /* PlacesTableViewController.swift */; };
		3439D8B8237B2F0E0015F814 /* JournalTableViewCell.swift in Sources */ = {isa = PBXBuildFile; fileRef = 3439D8B7237B2F0E0015F814 /* JournalTableViewCell.swift */; };
		3439D8BA237B82AA0015F814 /* DiagnosisDetailViewController.swift in Sources */ = {isa = PBXBuildFile; fileRef = 3439D8B9237B82AA0015F814 /* DiagnosisDetailViewController.swift */; };
		3439D8BC237B88870015F814 /* WarningSignDetailViewController.swift in Sources */ = {isa = PBXBuildFile; fileRef = 3439D8BB237B88870015F814 /* WarningSignDetailViewController.swift */; };
		3439D8BE237B8CA50015F814 /* ActivitesDetailViewController.swift in Sources */ = {isa = PBXBuildFile; fileRef = 3439D8BD237B8CA50015F814 /* ActivitesDetailViewController.swift */; };
		3439D8C0237B90BE0015F814 /* PlacesDetailViewController.swift in Sources */ = {isa = PBXBuildFile; fileRef = 3439D8BF237B90BE0015F814 /* PlacesDetailViewController.swift */; };
		345F14B2237491AB00D08C17 /* SafetyPlan.storyboard in Resources */ = {isa = PBXBuildFile; fileRef = 345F14B1237491AB00D08C17 /* SafetyPlan.storyboard */; };
		345F14BA2374A46700D08C17 /* CloudKit.framework in Frameworks */ = {isa = PBXBuildFile; fileRef = 345F14B92374A46700D08C17 /* CloudKit.framework */; };
		345F14BC2374B5ED00D08C17 /* Diagnosis.swift in Sources */ = {isa = PBXBuildFile; fileRef = 345F14BB2374B5ED00D08C17 /* Diagnosis.swift */; };
		345F14BE2374D06A00D08C17 /* Journal.swift in Sources */ = {isa = PBXBuildFile; fileRef = 345F14BD2374D06A00D08C17 /* Journal.swift */; };
		345F14C02374D16E00D08C17 /* JournalController.swift in Sources */ = {isa = PBXBuildFile; fileRef = 345F14BF2374D16E00D08C17 /* JournalController.swift */; };
		345F14C22374D5D900D08C17 /* EntryListTableViewController.swift in Sources */ = {isa = PBXBuildFile; fileRef = 345F14C12374D5D900D08C17 /* EntryListTableViewController.swift */; };
		345F14C42374D60300D08C17 /* EntryDetailViewController.swift in Sources */ = {isa = PBXBuildFile; fileRef = 345F14C32374D60300D08C17 /* EntryDetailViewController.swift */; };
		345F14C62374F34A00D08C17 /* Medications.swift in Sources */ = {isa = PBXBuildFile; fileRef = 345F14C52374F34A00D08C17 /* Medications.swift */; };
		345F14C82374FFCB00D08C17 /* RecognizeWarningSigns.swift in Sources */ = {isa = PBXBuildFile; fileRef = 345F14C72374FFCB00D08C17 /* RecognizeWarningSigns.swift */; };
		34A297032370B8B2007AFC62 /* SOSViewController.swift in Sources */ = {isa = PBXBuildFile; fileRef = 34A297022370B8B2007AFC62 /* SOSViewController.swift */; };
		34A297062370D543007AFC62 /* constants.swift in Sources */ = {isa = PBXBuildFile; fileRef = 34A297052370D543007AFC62 /* constants.swift */; };
		34EEE81A2375D85A00402084 /* Activites.swift in Sources */ = {isa = PBXBuildFile; fileRef = 34EEE8192375D85A00402084 /* Activites.swift */; };
		34EEE81C2375DB3E00402084 /* Persons.swift in Sources */ = {isa = PBXBuildFile; fileRef = 34EEE81B2375DB3E00402084 /* Persons.swift */; };
		34EEE81E2375DD1800402084 /* Places.swift in Sources */ = {isa = PBXBuildFile; fileRef = 34EEE81D2375DD1800402084 /* Places.swift */; };
		34EEE8202375E6C500402084 /* PhysicianDetailViewController.swift in Sources */ = {isa = PBXBuildFile; fileRef = 34EEE81F2375E6C500402084 /* PhysicianDetailViewController.swift */; };
		34EEE8222375FD8E00402084 /* MapAnnotation.swift in Sources */ = {isa = PBXBuildFile; fileRef = 34EEE8212375FD8E00402084 /* MapAnnotation.swift */; };
/* End PBXBuildFile section */

/* Begin PBXFileReference section */
		340DABCC237321A8009342C9 /* PhysicianLookup.swift */ = {isa = PBXFileReference; lastKnownFileType = sourcecode.swift; path = PhysicianLookup.swift; sourceTree = "<group>"; };
		340DABCE237321EE009342C9 /* PhysicianController.swift */ = {isa = PBXFileReference; lastKnownFileType = sourcecode.swift; path = PhysicianController.swift; sourceTree = "<group>"; };
		340DABD023736381009342C9 /* PhysicianTableViewController.swift */ = {isa = PBXFileReference; lastKnownFileType = sourcecode.swift; path = PhysicianTableViewController.swift; sourceTree = "<group>"; };
		340DABD223738AE7009342C9 /* PhysicianTableViewCell.swift */ = {isa = PBXFileReference; lastKnownFileType = sourcecode.swift; path = PhysicianTableViewCell.swift; sourceTree = "<group>"; };
		342452042366155C007D4DCA /* SafeSpace.app */ = {isa = PBXFileReference; explicitFileType = wrapper.application; includeInIndex = 0; path = SafeSpace.app; sourceTree = BUILT_PRODUCTS_DIR; };
		342452072366155C007D4DCA /* AppDelegate.swift */ = {isa = PBXFileReference; lastKnownFileType = sourcecode.swift; path = AppDelegate.swift; sourceTree = "<group>"; };
		342452092366155C007D4DCA /* SceneDelegate.swift */ = {isa = PBXFileReference; lastKnownFileType = sourcecode.swift; path = SceneDelegate.swift; sourceTree = "<group>"; };
		3424520E2366155C007D4DCA /* Base */ = {isa = PBXFileReference; lastKnownFileType = file.storyboard; name = Base; path = Base.lproj/Main.storyboard; sourceTree = "<group>"; };
		342452102366155D007D4DCA /* Assets.xcassets */ = {isa = PBXFileReference; lastKnownFileType = folder.assetcatalog; path = Assets.xcassets; sourceTree = "<group>"; };
		342452132366155D007D4DCA /* Base */ = {isa = PBXFileReference; lastKnownFileType = file.storyboard; name = Base; path = Base.lproj/LaunchScreen.storyboard; sourceTree = "<group>"; };
		342452152366155D007D4DCA /* Info.plist */ = {isa = PBXFileReference; lastKnownFileType = text.plist.xml; path = Info.plist; sourceTree = "<group>"; };
		3439D8992377509E0015F814 /* DiagnosisController.swift */ = {isa = PBXFileReference; lastKnownFileType = sourcecode.swift; name = DiagnosisController.swift; path = SafeSpace/DiagnosisController.swift; sourceTree = SOURCE_ROOT; };
		3439D89B237760340015F814 /* DiagnosisTableViewController.swift */ = {isa = PBXFileReference; lastKnownFileType = sourcecode.swift; name = DiagnosisTableViewController.swift; path = SafeSpace/controllers/DiagnosisTableViewController.swift; sourceTree = SOURCE_ROOT; };
		3439D89D237861F90015F814 /* MedicationsController.swift */ = {isa = PBXFileReference; lastKnownFileType = sourcecode.swift; path = MedicationsController.swift; sourceTree = "<group>"; };
		3439D89F237865EF0015F814 /* WarningSignsController.swift */ = {isa = PBXFileReference; lastKnownFileType = sourcecode.swift; path = WarningSignsController.swift; sourceTree = "<group>"; };
		3439D8A123786C990015F814 /* ActivitiesController.swift */ = {isa = PBXFileReference; lastKnownFileType = sourcecode.swift; path = ActivitiesController.swift; sourceTree = "<group>"; };
		3439D8A323786CA80015F814 /* PeopleController.swift */ = {isa = PBXFileReference; lastKnownFileType = sourcecode.swift; path = PeopleController.swift; sourceTree = "<group>"; };
		3439D8A523786CB30015F814 /* PlacesController.swift */ = {isa = PBXFileReference; lastKnownFileType = sourcecode.swift; path = PlacesController.swift; sourceTree = "<group>"; };
		3439D8A72379D1860015F814 /* MedicationsTableViewController.swift */ = {isa = PBXFileReference; lastKnownFileType = sourcecode.swift; name = MedicationsTableViewController.swift; path = SafeSpace/controllers/MedicationsTableViewController.swift; sourceTree = SOURCE_ROOT; };
		3439D8A92379D97A0015F814 /* WarningSignsTableViewController.swift */ = {isa = PBXFileReference; lastKnownFileType = sourcecode.swift; path = WarningSignsTableViewController.swift; sourceTree = "<group>"; };
		3439D8AB2379D9920015F814 /* ActivitiesTableViewController.swift */ = {isa = PBXFileReference; lastKnownFileType = sourcecode.swift; path = ActivitiesTableViewController.swift; sourceTree = "<group>"; };
		3439D8AD2379D9A60015F814 /* PersonsTableViewController.swift */ = {isa = PBXFileReference; lastKnownFileType = sourcecode.swift; path = PersonsTableViewController.swift; sourceTree = "<group>"; };
		3439D8AF2379D9B60015F814 /* PlacesTableViewController.swift */ = {isa = PBXFileReference; lastKnownFileType = sourcecode.swift; path = PlacesTableViewController.swift; sourceTree = "<group>"; };
		3439D8B7237B2F0E0015F814 /* JournalTableViewCell.swift */ = {isa = PBXFileReference; lastKnownFileType = sourcecode.swift; name = JournalTableViewCell.swift; path = SafeSpace/JournalTableViewCell.swift; sourceTree = SOURCE_ROOT; };
		3439D8B9237B82AA0015F814 /* DiagnosisDetailViewController.swift */ = {isa = PBXFileReference; lastKnownFileType = sourcecode.swift; name = DiagnosisDetailViewController.swift; path = SafeSpace/controllers/DiagnosisDetailViewController.swift; sourceTree = SOURCE_ROOT; };
		3439D8BB237B88870015F814 /* WarningSignDetailViewController.swift */ = {isa = PBXFileReference; lastKnownFileType = sourcecode.swift; path = WarningSignDetailViewController.swift; sourceTree = "<group>"; };
		3439D8BD237B8CA50015F814 /* ActivitesDetailViewController.swift */ = {isa = PBXFileReference; lastKnownFileType = sourcecode.swift; path = ActivitesDetailViewController.swift; sourceTree = "<group>"; };
		3439D8BF237B90BE0015F814 /* PlacesDetailViewController.swift */ = {isa = PBXFileReference; lastKnownFileType = sourcecode.swift; path = PlacesDetailViewController.swift; sourceTree = "<group>"; };
		345F14B1237491AB00D08C17 /* SafetyPlan.storyboard */ = {isa = PBXFileReference; fileEncoding = 4; lastKnownFileType = file.storyboard; path = SafetyPlan.storyboard; sourceTree = "<group>"; };
		345F14B72374A45300D08C17 /* SafeSpace.entitlements */ = {isa = PBXFileReference; lastKnownFileType = text.plist.entitlements; path = SafeSpace.entitlements; sourceTree = "<group>"; };
		345F14B92374A46700D08C17 /* CloudKit.framework */ = {isa = PBXFileReference; lastKnownFileType = wrapper.framework; name = CloudKit.framework; path = System/Library/Frameworks/CloudKit.framework; sourceTree = SDKROOT; };
		345F14BB2374B5ED00D08C17 /* Diagnosis.swift */ = {isa = PBXFileReference; lastKnownFileType = sourcecode.swift; path = Diagnosis.swift; sourceTree = "<group>"; };
		345F14BD2374D06A00D08C17 /* Journal.swift */ = {isa = PBXFileReference; lastKnownFileType = sourcecode.swift; path = Journal.swift; sourceTree = "<group>"; };
		345F14BF2374D16E00D08C17 /* JournalController.swift */ = {isa = PBXFileReference; lastKnownFileType = sourcecode.swift; path = JournalController.swift; sourceTree = "<group>"; };
		345F14C12374D5D900D08C17 /* EntryListTableViewController.swift */ = {isa = PBXFileReference; lastKnownFileType = sourcecode.swift; path = EntryListTableViewController.swift; sourceTree = "<group>"; };
		345F14C32374D60300D08C17 /* EntryDetailViewController.swift */ = {isa = PBXFileReference; lastKnownFileType = sourcecode.swift; path = EntryDetailViewController.swift; sourceTree = "<group>"; };
		345F14C52374F34A00D08C17 /* Medications.swift */ = {isa = PBXFileReference; lastKnownFileType = sourcecode.swift; path = Medications.swift; sourceTree = "<group>"; };
		345F14C72374FFCB00D08C17 /* RecognizeWarningSigns.swift */ = {isa = PBXFileReference; lastKnownFileType = sourcecode.swift; path = RecognizeWarningSigns.swift; sourceTree = "<group>"; };
		34A297022370B8B2007AFC62 /* SOSViewController.swift */ = {isa = PBXFileReference; lastKnownFileType = sourcecode.swift; path = SOSViewController.swift; sourceTree = "<group>"; };
		34A297052370D543007AFC62 /* constants.swift */ = {isa = PBXFileReference; lastKnownFileType = sourcecode.swift; path = constants.swift; sourceTree = "<group>"; };
		34EEE8192375D85A00402084 /* Activites.swift */ = {isa = PBXFileReference; lastKnownFileType = sourcecode.swift; path = Activites.swift; sourceTree = "<group>"; };
		34EEE81B2375DB3E00402084 /* Persons.swift */ = {isa = PBXFileReference; lastKnownFileType = sourcecode.swift; path = Persons.swift; sourceTree = "<group>"; };
		34EEE81D2375DD1800402084 /* Places.swift */ = {isa = PBXFileReference; lastKnownFileType = sourcecode.swift; path = Places.swift; sourceTree = "<group>"; };
		34EEE81F2375E6C500402084 /* PhysicianDetailViewController.swift */ = {isa = PBXFileReference; lastKnownFileType = sourcecode.swift; path = PhysicianDetailViewController.swift; sourceTree = "<group>"; };
		34EEE8212375FD8E00402084 /* MapAnnotation.swift */ = {isa = PBXFileReference; lastKnownFileType = sourcecode.swift; path = MapAnnotation.swift; sourceTree = "<group>"; };
/* End PBXFileReference section */

/* Begin PBXFrameworksBuildPhase section */
		342452012366155C007D4DCA /* Frameworks */ = {
			isa = PBXFrameworksBuildPhase;
			buildActionMask = 2147483647;
			files = (
				345F14BA2374A46700D08C17 /* CloudKit.framework in Frameworks */,
			);
			runOnlyForDeploymentPostprocessing = 0;
		};
/* End PBXFrameworksBuildPhase section */

/* Begin PBXGroup section */
		340DABD423749020009342C9 /* storyboards */ = {
			isa = PBXGroup;
			children = (
				345F14B1237491AB00D08C17 /* SafetyPlan.storyboard */,
				3424520D2366155C007D4DCA /* Main.storyboard */,
			);
			path = storyboards;
			sourceTree = "<group>";
		};
		342451FB2366155B007D4DCA = {
			isa = PBXGroup;
			children = (
				342452062366155C007D4DCA /* SafeSpace */,
				342452052366155C007D4DCA /* Products */,
				345F14B82374A46700D08C17 /* Frameworks */,
			);
			sourceTree = "<group>";
		};
		342452052366155C007D4DCA /* Products */ = {
			isa = PBXGroup;
			children = (
				342452042366155C007D4DCA /* SafeSpace.app */,
			);
			name = Products;
			sourceTree = "<group>";
		};
		342452062366155C007D4DCA /* SafeSpace */ = {
			isa = PBXGroup;
			children = (
				345F14B72374A45300D08C17 /* SafeSpace.entitlements */,
				34A297042370D404007AFC62 /* helperFiles */,
				3424521D23661C1B007D4DCA /* controllers */,
				3424521C23661C10007D4DCA /* models */,
				3424521B236616A6007D4DCA /* resources */,
				340DABD423749020009342C9 /* storyboards */,
			);
			path = SafeSpace;
			sourceTree = "<group>";
		};
		3424521B236616A6007D4DCA /* resources */ = {
			isa = PBXGroup;
			children = (
				342452072366155C007D4DCA /* AppDelegate.swift */,
				342452092366155C007D4DCA /* SceneDelegate.swift */,
				342452102366155D007D4DCA /* Assets.xcassets */,
				342452122366155D007D4DCA /* LaunchScreen.storyboard */,
				342452152366155D007D4DCA /* Info.plist */,
			);
			path = resources;
			sourceTree = "<group>";
		};
		3424521C23661C10007D4DCA /* models */ = {
			isa = PBXGroup;
			children = (
				340DABCC237321A8009342C9 /* PhysicianLookup.swift */,
				345F14BD2374D06A00D08C17 /* Journal.swift */,
				345F14BB2374B5ED00D08C17 /* Diagnosis.swift */,
				345F14C52374F34A00D08C17 /* Medications.swift */,
				345F14C72374FFCB00D08C17 /* RecognizeWarningSigns.swift */,
				34EEE8192375D85A00402084 /* Activites.swift */,
				34EEE81B2375DB3E00402084 /* Persons.swift */,
				34EEE81D2375DD1800402084 /* Places.swift */,
			);
			path = models;
			sourceTree = "<group>";
		};
		3424521D23661C1B007D4DCA /* controllers */ = {
			isa = PBXGroup;
			children = (
				3424521F23661C3D007D4DCA /* viewControllers */,
				3424521E23661C22007D4DCA /* modelControllers */,
			);
			path = controllers;
			sourceTree = "<group>";
		};
		3424521E23661C22007D4DCA /* modelControllers */ = {
			isa = PBXGroup;
			children = (
				340DABCE237321EE009342C9 /* PhysicianController.swift */,
				345F14BF2374D16E00D08C17 /* JournalController.swift */,
				3439D8992377509E0015F814 /* DiagnosisController.swift */,
				3439D89D237861F90015F814 /* MedicationsController.swift */,
				3439D89F237865EF0015F814 /* WarningSignsController.swift */,
				3439D8A123786C990015F814 /* ActivitiesController.swift */,
				3439D8A323786CA80015F814 /* PeopleController.swift */,
				3439D8A523786CB30015F814 /* PlacesController.swift */,
			);
			path = modelControllers;
			sourceTree = "<group>";
		};
		3424521F23661C3D007D4DCA /* viewControllers */ = {
			isa = PBXGroup;
			children = (
				34A297022370B8B2007AFC62 /* SOSViewController.swift */,
				340DABD023736381009342C9 /* PhysicianTableViewController.swift */,
				340DABD223738AE7009342C9 /* PhysicianTableViewCell.swift */,
				34EEE81F2375E6C500402084 /* PhysicianDetailViewController.swift */,
				345F14C12374D5D900D08C17 /* EntryListTableViewController.swift */,
				345F14C32374D60300D08C17 /* EntryDetailViewController.swift */,
				3439D8B7237B2F0E0015F814 /* JournalTableViewCell.swift */,
				3439D89B237760340015F814 /* DiagnosisTableViewController.swift */,
				3439D8B9237B82AA0015F814 /* DiagnosisDetailViewController.swift */,
				3439D8A72379D1860015F814 /* MedicationsTableViewController.swift */,
				3439D8A92379D97A0015F814 /* WarningSignsTableViewController.swift */,
				3439D8BB237B88870015F814 /* WarningSignDetailViewController.swift */,
				3439D8AB2379D9920015F814 /* ActivitiesTableViewController.swift */,
				3439D8BD237B8CA50015F814 /* ActivitesDetailViewController.swift */,
				3439D8AD2379D9A60015F814 /* PersonsTableViewController.swift */,
				3439D8AF2379D9B60015F814 /* PlacesTableViewController.swift */,
				3439D8BF237B90BE0015F814 /* PlacesDetailViewController.swift */,
			);
			path = viewControllers;
			sourceTree = "<group>";
		};
		345F14B82374A46700D08C17 /* Frameworks */ = {
			isa = PBXGroup;
			children = (
				345F14B92374A46700D08C17 /* CloudKit.framework */,
			);
			name = Frameworks;
			sourceTree = "<group>";
		};
		34A297042370D404007AFC62 /* helperFiles */ = {
			isa = PBXGroup;
			children = (
				34A297052370D543007AFC62 /* constants.swift */,
				34EEE8212375FD8E00402084 /* MapAnnotation.swift */,
			);
			path = helperFiles;
			sourceTree = "<group>";
		};
/* End PBXGroup section */

/* Begin PBXNativeTarget section */
		342452032366155C007D4DCA /* SafeSpace */ = {
			isa = PBXNativeTarget;
			buildConfigurationList = 342452182366155D007D4DCA /* Build configuration list for PBXNativeTarget "SafeSpace" */;
			buildPhases = (
				342452002366155C007D4DCA /* Sources */,
				342452012366155C007D4DCA /* Frameworks */,
				342452022366155C007D4DCA /* Resources */,
			);
			buildRules = (
			);
			dependencies = (
			);
			name = SafeSpace;
			productName = SafeSpace;
			productReference = 342452042366155C007D4DCA /* SafeSpace.app */;
			productType = "com.apple.product-type.application";
		};
/* End PBXNativeTarget section */

/* Begin PBXProject section */
		342451FC2366155B007D4DCA /* Project object */ = {
			isa = PBXProject;
			attributes = {
				LastSwiftUpdateCheck = 1110;
				LastUpgradeCheck = 1110;
				ORGANIZATIONNAME = "Matthew O'Connor";
				TargetAttributes = {
					342452032366155C007D4DCA = {
						CreatedOnToolsVersion = 11.1;
					};
				};
			};
			buildConfigurationList = 342451FF2366155B007D4DCA /* Build configuration list for PBXProject "SafeSpace" */;
			compatibilityVersion = "Xcode 9.3";
			developmentRegion = en;
			hasScannedForEncodings = 0;
			knownRegions = (
				en,
				Base,
			);
			mainGroup = 342451FB2366155B007D4DCA;
			productRefGroup = 342452052366155C007D4DCA /* Products */;
			projectDirPath = "";
			projectRoot = "";
			targets = (
				342452032366155C007D4DCA /* SafeSpace */,
			);
		};
/* End PBXProject section */

/* Begin PBXResourcesBuildPhase section */
		342452022366155C007D4DCA /* Resources */ = {
			isa = PBXResourcesBuildPhase;
			buildActionMask = 2147483647;
			files = (
				342452142366155D007D4DCA /* LaunchScreen.storyboard in Resources */,
				342452112366155D007D4DCA /* Assets.xcassets in Resources */,
				3424520F2366155C007D4DCA /* Main.storyboard in Resources */,
				345F14B2237491AB00D08C17 /* SafetyPlan.storyboard in Resources */,
			);
			runOnlyForDeploymentPostprocessing = 0;
		};
/* End PBXResourcesBuildPhase section */

/* Begin PBXSourcesBuildPhase section */
		342452002366155C007D4DCA /* Sources */ = {
			isa = PBXSourcesBuildPhase;
			buildActionMask = 2147483647;
			files = (
				3439D8A423786CA80015F814 /* PeopleController.swift in Sources */,
				340DABCF237321EE009342C9 /* PhysicianController.swift in Sources */,
				340DABD123736381009342C9 /* PhysicianTableViewController.swift in Sources */,
				34EEE8222375FD8E00402084 /* MapAnnotation.swift in Sources */,
				340DABD323738AE7009342C9 /* PhysicianTableViewCell.swift in Sources */,
				342452082366155C007D4DCA /* AppDelegate.swift in Sources */,
				3439D8AC2379D9920015F814 /* ActivitiesTableViewController.swift in Sources */,
				340DABCD237321A8009342C9 /* PhysicianLookup.swift in Sources */,
				3439D89A2377509E0015F814 /* DiagnosisController.swift in Sources */,
				34A297032370B8B2007AFC62 /* SOSViewController.swift in Sources */,
				345F14BC2374B5ED00D08C17 /* Diagnosis.swift in Sources */,
				345F14C82374FFCB00D08C17 /* RecognizeWarningSigns.swift in Sources */,
				345F14C02374D16E00D08C17 /* JournalController.swift in Sources */,
				3439D8C0237B90BE0015F814 /* PlacesDetailViewController.swift in Sources */,
				3439D8BA237B82AA0015F814 /* DiagnosisDetailViewController.swift in Sources */,
				3439D8AA2379D97A0015F814 /* WarningSignsTableViewController.swift in Sources */,
				34A297062370D543007AFC62 /* constants.swift in Sources */,
				345F14C22374D5D900D08C17 /* EntryListTableViewController.swift in Sources */,
				3439D8AE2379D9A60015F814 /* PersonsTableViewController.swift in Sources */,
				3439D8A0237865EF0015F814 /* WarningSignsController.swift in Sources */,
				34EEE8202375E6C500402084 /* PhysicianDetailViewController.swift in Sources */,
				34EEE81C2375DB3E00402084 /* Persons.swift in Sources */,
				3439D8A623786CB30015F814 /* PlacesController.swift in Sources */,
				34EEE81A2375D85A00402084 /* Activites.swift in Sources */,
				3439D8BC237B88870015F814 /* WarningSignDetailViewController.swift in Sources */,
				3439D8BE237B8CA50015F814 /* ActivitesDetailViewController.swift in Sources */,
				3439D8B8237B2F0E0015F814 /* JournalTableViewCell.swift in Sources */,
				34EEE81E2375DD1800402084 /* Places.swift in Sources */,
				3439D8A223786C990015F814 /* ActivitiesController.swift in Sources */,
				345F14C62374F34A00D08C17 /* Medications.swift in Sources */,
				3439D8B02379D9B60015F814 /* PlacesTableViewController.swift in Sources */,
				3424520A2366155C007D4DCA /* SceneDelegate.swift in Sources */,
				3439D89E237861F90015F814 /* MedicationsController.swift in Sources */,
				3439D89C237760340015F814 /* DiagnosisTableViewController.swift in Sources */,
				345F14C42374D60300D08C17 /* EntryDetailViewController.swift in Sources */,
				3439D8A82379D1860015F814 /* MedicationsTableViewController.swift in Sources */,
				345F14BE2374D06A00D08C17 /* Journal.swift in Sources */,
			);
			runOnlyForDeploymentPostprocessing = 0;
		};
/* End PBXSourcesBuildPhase section */

/* Begin PBXVariantGroup section */
		3424520D2366155C007D4DCA /* Main.storyboard */ = {
			isa = PBXVariantGroup;
			children = (
				3424520E2366155C007D4DCA /* Base */,
			);
			name = Main.storyboard;
			sourceTree = "<group>";
		};
		342452122366155D007D4DCA /* LaunchScreen.storyboard */ = {
			isa = PBXVariantGroup;
			children = (
				342452132366155D007D4DCA /* Base */,
			);
			name = LaunchScreen.storyboard;
			sourceTree = "<group>";
		};
/* End PBXVariantGroup section */

/* Begin XCBuildConfiguration section */
		342452162366155D007D4DCA /* Debug */ = {
			isa = XCBuildConfiguration;
			buildSettings = {
				ALWAYS_SEARCH_USER_PATHS = NO;
				CLANG_ANALYZER_NONNULL = YES;
				CLANG_ANALYZER_NUMBER_OBJECT_CONVERSION = YES_AGGRESSIVE;
				CLANG_CXX_LANGUAGE_STANDARD = "gnu++14";
				CLANG_CXX_LIBRARY = "libc++";
				CLANG_ENABLE_MODULES = YES;
				CLANG_ENABLE_OBJC_ARC = YES;
				CLANG_ENABLE_OBJC_WEAK = YES;
				CLANG_WARN_BLOCK_CAPTURE_AUTORELEASING = YES;
				CLANG_WARN_BOOL_CONVERSION = YES;
				CLANG_WARN_COMMA = YES;
				CLANG_WARN_CONSTANT_CONVERSION = YES;
				CLANG_WARN_DEPRECATED_OBJC_IMPLEMENTATIONS = YES;
				CLANG_WARN_DIRECT_OBJC_ISA_USAGE = YES_ERROR;
				CLANG_WARN_DOCUMENTATION_COMMENTS = YES;
				CLANG_WARN_EMPTY_BODY = YES;
				CLANG_WARN_ENUM_CONVERSION = YES;
				CLANG_WARN_INFINITE_RECURSION = YES;
				CLANG_WARN_INT_CONVERSION = YES;
				CLANG_WARN_NON_LITERAL_NULL_CONVERSION = YES;
				CLANG_WARN_OBJC_IMPLICIT_RETAIN_SELF = YES;
				CLANG_WARN_OBJC_LITERAL_CONVERSION = YES;
				CLANG_WARN_OBJC_ROOT_CLASS = YES_ERROR;
				CLANG_WARN_RANGE_LOOP_ANALYSIS = YES;
				CLANG_WARN_STRICT_PROTOTYPES = YES;
				CLANG_WARN_SUSPICIOUS_MOVE = YES;
				CLANG_WARN_UNGUARDED_AVAILABILITY = YES_AGGRESSIVE;
				CLANG_WARN_UNREACHABLE_CODE = YES;
				CLANG_WARN__DUPLICATE_METHOD_MATCH = YES;
				COPY_PHASE_STRIP = NO;
				DEBUG_INFORMATION_FORMAT = dwarf;
				ENABLE_STRICT_OBJC_MSGSEND = YES;
				ENABLE_TESTABILITY = YES;
				GCC_C_LANGUAGE_STANDARD = gnu11;
				GCC_DYNAMIC_NO_PIC = NO;
				GCC_NO_COMMON_BLOCKS = YES;
				GCC_OPTIMIZATION_LEVEL = 0;
				GCC_PREPROCESSOR_DEFINITIONS = (
					"DEBUG=1",
					"$(inherited)",
				);
				GCC_WARN_64_TO_32_BIT_CONVERSION = YES;
				GCC_WARN_ABOUT_RETURN_TYPE = YES_ERROR;
				GCC_WARN_UNDECLARED_SELECTOR = YES;
				GCC_WARN_UNINITIALIZED_AUTOS = YES_AGGRESSIVE;
				GCC_WARN_UNUSED_FUNCTION = YES;
				GCC_WARN_UNUSED_VARIABLE = YES;
				IPHONEOS_DEPLOYMENT_TARGET = 13.1;
				MTL_ENABLE_DEBUG_INFO = INCLUDE_SOURCE;
				MTL_FAST_MATH = YES;
				ONLY_ACTIVE_ARCH = YES;
				SDKROOT = iphoneos;
				SWIFT_ACTIVE_COMPILATION_CONDITIONS = DEBUG;
				SWIFT_OPTIMIZATION_LEVEL = "-Onone";
			};
			name = Debug;
		};
		342452172366155D007D4DCA /* Release */ = {
			isa = XCBuildConfiguration;
			buildSettings = {
				ALWAYS_SEARCH_USER_PATHS = NO;
				CLANG_ANALYZER_NONNULL = YES;
				CLANG_ANALYZER_NUMBER_OBJECT_CONVERSION = YES_AGGRESSIVE;
				CLANG_CXX_LANGUAGE_STANDARD = "gnu++14";
				CLANG_CXX_LIBRARY = "libc++";
				CLANG_ENABLE_MODULES = YES;
				CLANG_ENABLE_OBJC_ARC = YES;
				CLANG_ENABLE_OBJC_WEAK = YES;
				CLANG_WARN_BLOCK_CAPTURE_AUTORELEASING = YES;
				CLANG_WARN_BOOL_CONVERSION = YES;
				CLANG_WARN_COMMA = YES;
				CLANG_WARN_CONSTANT_CONVERSION = YES;
				CLANG_WARN_DEPRECATED_OBJC_IMPLEMENTATIONS = YES;
				CLANG_WARN_DIRECT_OBJC_ISA_USAGE = YES_ERROR;
				CLANG_WARN_DOCUMENTATION_COMMENTS = YES;
				CLANG_WARN_EMPTY_BODY = YES;
				CLANG_WARN_ENUM_CONVERSION = YES;
				CLANG_WARN_INFINITE_RECURSION = YES;
				CLANG_WARN_INT_CONVERSION = YES;
				CLANG_WARN_NON_LITERAL_NULL_CONVERSION = YES;
				CLANG_WARN_OBJC_IMPLICIT_RETAIN_SELF = YES;
				CLANG_WARN_OBJC_LITERAL_CONVERSION = YES;
				CLANG_WARN_OBJC_ROOT_CLASS = YES_ERROR;
				CLANG_WARN_RANGE_LOOP_ANALYSIS = YES;
				CLANG_WARN_STRICT_PROTOTYPES = YES;
				CLANG_WARN_SUSPICIOUS_MOVE = YES;
				CLANG_WARN_UNGUARDED_AVAILABILITY = YES_AGGRESSIVE;
				CLANG_WARN_UNREACHABLE_CODE = YES;
				CLANG_WARN__DUPLICATE_METHOD_MATCH = YES;
				COPY_PHASE_STRIP = NO;
				DEBUG_INFORMATION_FORMAT = "dwarf-with-dsym";
				ENABLE_NS_ASSERTIONS = NO;
				ENABLE_STRICT_OBJC_MSGSEND = YES;
				GCC_C_LANGUAGE_STANDARD = gnu11;
				GCC_NO_COMMON_BLOCKS = YES;
				GCC_WARN_64_TO_32_BIT_CONVERSION = YES;
				GCC_WARN_ABOUT_RETURN_TYPE = YES_ERROR;
				GCC_WARN_UNDECLARED_SELECTOR = YES;
				GCC_WARN_UNINITIALIZED_AUTOS = YES_AGGRESSIVE;
				GCC_WARN_UNUSED_FUNCTION = YES;
				GCC_WARN_UNUSED_VARIABLE = YES;
				IPHONEOS_DEPLOYMENT_TARGET = 13.1;
				MTL_ENABLE_DEBUG_INFO = NO;
				MTL_FAST_MATH = YES;
				SDKROOT = iphoneos;
				SWIFT_COMPILATION_MODE = wholemodule;
				SWIFT_OPTIMIZATION_LEVEL = "-O";
				VALIDATE_PRODUCT = YES;
			};
			name = Release;
		};
		342452192366155D007D4DCA /* Debug */ = {
			isa = XCBuildConfiguration;
			buildSettings = {
				ASSETCATALOG_COMPILER_APPICON_NAME = AppIcon;
				CODE_SIGN_ENTITLEMENTS = SafeSpace/SafeSpace.entitlements;
				CODE_SIGN_STYLE = Automatic;
				DEVELOPMENT_TEAM = RRGZ3XLFVN;
				INFOPLIST_FILE = SafeSpace/resources/Info.plist;
				LD_RUNPATH_SEARCH_PATHS = (
					"$(inherited)",
					"@executable_path/Frameworks",
				);
				PRODUCT_BUNDLE_IDENTIFIER = deltas2k.SafeSpace;
				PRODUCT_NAME = "$(TARGET_NAME)";
				SWIFT_VERSION = 5.0;
				TARGETED_DEVICE_FAMILY = "1,2";
			};
			name = Debug;
		};
		3424521A2366155D007D4DCA /* Release */ = {
			isa = XCBuildConfiguration;
			buildSettings = {
				ASSETCATALOG_COMPILER_APPICON_NAME = AppIcon;
				CODE_SIGN_ENTITLEMENTS = SafeSpace/SafeSpace.entitlements;
				CODE_SIGN_STYLE = Automatic;
				DEVELOPMENT_TEAM = RRGZ3XLFVN;
				INFOPLIST_FILE = SafeSpace/resources/Info.plist;
				LD_RUNPATH_SEARCH_PATHS = (
					"$(inherited)",
					"@executable_path/Frameworks",
				);
				PRODUCT_BUNDLE_IDENTIFIER = deltas2k.SafeSpace;
				PRODUCT_NAME = "$(TARGET_NAME)";
				SWIFT_VERSION = 5.0;
				TARGETED_DEVICE_FAMILY = "1,2";
			};
			name = Release;
		};
/* End XCBuildConfiguration section */

/* Begin XCConfigurationList section */
		342451FF2366155B007D4DCA /* Build configuration list for PBXProject "SafeSpace" */ = {
			isa = XCConfigurationList;
			buildConfigurations = (
				342452162366155D007D4DCA /* Debug */,
				342452172366155D007D4DCA /* Release */,
			);
			defaultConfigurationIsVisible = 0;
			defaultConfigurationName = Release;
		};
		342452182366155D007D4DCA /* Build configuration list for PBXNativeTarget "SafeSpace" */ = {
			isa = XCConfigurationList;
			buildConfigurations = (
				342452192366155D007D4DCA /* Debug */,
				3424521A2366155D007D4DCA /* Release */,
			);
			defaultConfigurationIsVisible = 0;
			defaultConfigurationName = Release;
		};
/* End XCConfigurationList section */
	};
	rootObject = 342451FC2366155B007D4DCA /* Project object */;
}
